
Microsoft Visual Studio Solution File, Format Version 12.00
# Visual Studio Version 16
VisualStudioVersion = 16.0.31729.503
MinimumVisualStudioVersion = 10.0.40219.1
Project("{FAE04EC0-301F-11D3-BF4B-00C04F79EFBC}") = "GestionEtudiant", "GestionEtudiant.csproj", "{373B7B8B-45E0-446F-991C-7B7EB30C69C2}"
EndProject
Global
	GlobalSection(SolutionConfigurationPlatforms) = preSolution
		Debug|Any CPU = Debug|Any CPU
		Release|Any CPU = Release|Any CPU
	EndGlobalSection
	GlobalSection(ProjectConfigurationPlatforms) = postSolution
		{373B7B8B-45E0-446F-991C-7B7EB30C69C2}.Debug|Any CPU.ActiveCfg = Debug|Any CPU
		{373B7B8B-45E0-446F-991C-7B7EB30C69C2}.Debug|Any CPU.Build.0 = Debug|Any CPU
		{373B7B8B-45E0-446F-991C-7B7EB30C69C2}.Release|Any CPU.ActiveCfg = Release|Any CPU
		{373B7B8B-45E0-446F-991C-7B7EB30C69C2}.Release|Any CPU.Build.0 = Release|Any CPU
	EndGlobalSection
	GlobalSection(SolutionProperties) = preSolution
		HideSolutionNode = FALSE
	EndGlobalSection
	GlobalSection(ExtensibilityGlobals) = postSolution
		SolutionGuid = {9974EE59-3B78-4337-B687-3F00EFA0EEFB}
	EndGlobalSection
EndGlobal
