
Microsoft Visual Studio Solution File, Format Version 12.00
# Visual Studio Version 16
VisualStudioVersion = 16.0.31729.503
MinimumVisualStudioVersion = 10.0.40219.1
Project("{FAE04EC0-301F-11D3-BF4B-00C04F79EFBC}") = "Exercice3", "Exercice3.csproj", "{0CED3BC8-7033-439E-A4C4-DA29ABF0D073}"
EndProject
Global
	GlobalSection(SolutionConfigurationPlatforms) = preSolution
		Debug|Any CPU = Debug|Any CPU
		Release|Any CPU = Release|Any CPU
	EndGlobalSection
	GlobalSection(ProjectConfigurationPlatforms) = postSolution
		{0CED3BC8-7033-439E-A4C4-DA29ABF0D073}.Debug|Any CPU.ActiveCfg = Debug|Any CPU
		{0CED3BC8-7033-439E-A4C4-DA29ABF0D073}.Debug|Any CPU.Build.0 = Debug|Any CPU
		{0CED3BC8-7033-439E-A4C4-DA29ABF0D073}.Release|Any CPU.ActiveCfg = Release|Any CPU
		{0CED3BC8-7033-439E-A4C4-DA29ABF0D073}.Release|Any CPU.Build.0 = Release|Any CPU
	EndGlobalSection
	GlobalSection(SolutionProperties) = preSolution
		HideSolutionNode = FALSE
	EndGlobalSection
	GlobalSection(ExtensibilityGlobals) = postSolution
		SolutionGuid = {89EBF4C5-852F-4083-A56C-FE14778EDDF3}
	EndGlobalSection
EndGlobal
