
Microsoft Visual Studio Solution File, Format Version 12.00
# Visual Studio Version 16
VisualStudioVersion = 16.0.31729.503
MinimumVisualStudioVersion = 10.0.40219.1
Project("{FAE04EC0-301F-11D3-BF4B-00C04F79EFBC}") = "voiture", "voiture.csproj", "{6AAD0AFC-6D64-4F9E-A45B-541FD84F0152}"
EndProject
Global
	GlobalSection(SolutionConfigurationPlatforms) = preSolution
		Debug|Any CPU = Debug|Any CPU
		Release|Any CPU = Release|Any CPU
	EndGlobalSection
	GlobalSection(ProjectConfigurationPlatforms) = postSolution
		{6AAD0AFC-6D64-4F9E-A45B-541FD84F0152}.Debug|Any CPU.ActiveCfg = Debug|Any CPU
		{6AAD0AFC-6D64-4F9E-A45B-541FD84F0152}.Debug|Any CPU.Build.0 = Debug|Any CPU
		{6AAD0AFC-6D64-4F9E-A45B-541FD84F0152}.Release|Any CPU.ActiveCfg = Release|Any CPU
		{6AAD0AFC-6D64-4F9E-A45B-541FD84F0152}.Release|Any CPU.Build.0 = Release|Any CPU
	EndGlobalSection
	GlobalSection(SolutionProperties) = preSolution
		HideSolutionNode = FALSE
	EndGlobalSection
	GlobalSection(ExtensibilityGlobals) = postSolution
		SolutionGuid = {63B72B3A-B471-498F-B46D-733B0C826906}
	EndGlobalSection
EndGlobal
