
Microsoft Visual Studio Solution File, Format Version 12.00
# Visual Studio Version 16
VisualStudioVersion = 16.0.31729.503
MinimumVisualStudioVersion = 10.0.40219.1
Project("{FAE04EC0-301F-11D3-BF4B-00C04F79EFBC}") = "BaseToModel", "BaseToModel.csproj", "{42B88185-3DB8-4400-927F-02D048D948D1}"
EndProject
Global
	GlobalSection(SolutionConfigurationPlatforms) = preSolution
		Debug|Any CPU = Debug|Any CPU
		Release|Any CPU = Release|Any CPU
	EndGlobalSection
	GlobalSection(ProjectConfigurationPlatforms) = postSolution
		{42B88185-3DB8-4400-927F-02D048D948D1}.Debug|Any CPU.ActiveCfg = Debug|Any CPU
		{42B88185-3DB8-4400-927F-02D048D948D1}.Debug|Any CPU.Build.0 = Debug|Any CPU
		{42B88185-3DB8-4400-927F-02D048D948D1}.Release|Any CPU.ActiveCfg = Release|Any CPU
		{42B88185-3DB8-4400-927F-02D048D948D1}.Release|Any CPU.Build.0 = Release|Any CPU
	EndGlobalSection
	GlobalSection(SolutionProperties) = preSolution
		HideSolutionNode = FALSE
	EndGlobalSection
	GlobalSection(ExtensibilityGlobals) = postSolution
		SolutionGuid = {0A2F1C47-1DD6-46B1-8339-2F6938C6A7BC}
	EndGlobalSection
EndGlobal
